<?xml version="1.0" encoding="utf-8"?>
<Project ToolsVersion="4.0" xmlns="http://schemas.microsoft.com/developer/msbuild/2003">
  <ItemGroup>
    <Filter Include="Source Files">
      <UniqueIdentifier>{4FC737F1-C7A5-4376-A066-2A32D752A2FF}</UniqueIdentifier>
      <Extensions>cpp;c;cc;cxx;def;odl;idl;hpj;bat;asm;asmx</Extensions>
    </Filter>
  </ItemGroup>
  <ItemGroup>
    <ClCompile Include="..\..\deps\jemalloc\src\arena.c">
      <Filter>Source Files</Filter>
    </ClCompile>
    <ClCompile Include="..\..\deps\jemalloc\src\background_thread.c">
      <Filter>Source Files</Filter>
    </ClCompile>
    <ClCompile Include="..\..\deps\jemalloc\src\base.c">
      <Filter>Source Files</Filter>
    </ClCompile>
    <ClCompile Include="..\..\deps\jemalloc\src\bin.c">
      <Filter>Source Files</Filter>
    </ClCompile>
    <ClCompile Include="..\..\deps\jemalloc\src\bin_info.c">
      <Filter>Source Files</Filter>
    </ClCompile>
    <ClCompile Include="..\..\deps\jemalloc\src\bitmap.c">
      <Filter>Source Files</Filter>
    </ClCompile>
    <ClCompile Include="..\..\deps\jemalloc\src\ckh.c">
      <Filter>Source Files</Filter>
    </ClCompile>
    <ClCompile Include="..\..\deps\jemalloc\src\ctl.c">
      <Filter>Source Files</Filter>
    </ClCompile>
    <ClCompile Include="..\..\deps\jemalloc\src\div.c">
      <Filter>Source Files</Filter>
    </ClCompile>
    <ClCompile Include="..\..\deps\jemalloc\src\eset.c">
      <Filter>Source Files</Filter>
    </ClCompile>
    <ClCompile Include="..\..\deps\jemalloc\src\extent.c">
      <Filter>Source Files</Filter>
    </ClCompile>
    <ClCompile Include="..\..\deps\jemalloc\src\extent_dss.c">
      <Filter>Source Files</Filter>
    </ClCompile>
    <ClCompile Include="..\..\deps\jemalloc\src\extent_mmap.c">
      <Filter>Source Files</Filter>
    </ClCompile>
    <ClCompile Include="..\..\deps\jemalloc\src\hash.c">
      <Filter>Source Files</Filter>
    </ClCompile>
    <ClCompile Include="..\..\deps\jemalloc\src\hook.c">
      <Filter>Source Files</Filter>
    </ClCompile>
    <ClCompile Include="..\..\deps\jemalloc\src\jemalloc.c">
      <Filter>Source Files</Filter>
    </ClCompile>
    <ClCompile Include="..\..\deps\jemalloc\src\large.c">
      <Filter>Source Files</Filter>
    </ClCompile>
    <ClCompile Include="..\..\deps\jemalloc\src\log.c">
      <Filter>Source Files</Filter>
    </ClCompile>
    <ClCompile Include="..\..\deps\jemalloc\src\malloc_io.c">
      <Filter>Source Files</Filter>
    </ClCompile>
    <ClCompile Include="..\..\deps\jemalloc\src\mutex.c">
      <Filter>Source Files</Filter>
    </ClCompile>
    <ClCompile Include="..\..\deps\jemalloc\src\mutex_pool.c">
      <Filter>Source Files</Filter>
    </ClCompile>
    <ClCompile Include="..\..\deps\jemalloc\src\nstime.c">
      <Filter>Source Files</Filter>
    </ClCompile>
    <ClCompile Include="..\..\deps\jemalloc\src\pages.c">
      <Filter>Source Files</Filter>
    </ClCompile>
    <ClCompile Include="..\..\deps\jemalloc\src\prng.c">
      <Filter>Source Files</Filter>
    </ClCompile>
    <ClCompile Include="..\..\deps\jemalloc\src\prof.c">
      <Filter>Source Files</Filter>
    </ClCompile>
    <ClCompile Include="..\..\deps\jemalloc\src\prof_data.c">
      <Filter>Source Files</Filter>
    </ClCompile>
    <ClCompile Include="..\..\deps\jemalloc\src\prof_log.c">
      <Filter>Source Files</Filter>
    </ClCompile>
    <ClCompile Include="..\..\deps\jemalloc\src\rtree.c">
      <Filter>Source Files</Filter>
    </ClCompile>
    <ClCompile Include="..\..\deps\jemalloc\src\safety_check.c">
      <Filter>Source Files</Filter>
    </ClCompile>
    <ClCompile Include="..\..\deps\jemalloc\src\sc.c">
      <Filter>Source Files</Filter>
    </ClCompile>
    <ClCompile Include="..\..\deps\jemalloc\src\stats.c">
      <Filter>Source Files</Filter>
    </ClCompile>
    <ClCompile Include="..\..\deps\jemalloc\src\sz.c">
      <Filter>Source Files</Filter>
    </ClCompile>
    <ClCompile Include="..\..\deps\jemalloc\src\tcache.c">
      <Filter>Source Files</Filter>
    </ClCompile>
    <ClCompile Include="..\..\deps\jemalloc\src\test_hooks.c">
      <Filter>Source Files</Filter>
    </ClCompile>
    <ClCompile Include="..\..\deps\jemalloc\src\thread_event.c">
      <Filter>Source Files</Filter>
    </ClCompile>
    <ClCompile Include="..\..\deps\jemalloc\src\ticker.c">
      <Filter>Source Files</Filter>
    </ClCompile>
    <ClCompile Include="..\..\deps\jemalloc\src\tsd.c">
      <Filter>Source Files</Filter>
    </ClCompile>
    <ClCompile Include="..\..\deps\jemalloc\src\witness.c">
      <Filter>Source Files</Filter>
    </ClCompile>
  </ItemGroup>
</Project>